{
    "_meta": {
        "hash": {
            "sha256": "3e07d085338b8d5f47319c6b98c97f6004ef0f68601672013fe55c51c9988de9"
        },
        "pipfile-spec": 6,
        "requires": {
            "python_version": "3.8"
        },
        "sources": [
            {
                "name": "pypi",
                "url": "https://pypi.org/simple",
                "verify_ssl": true
            }
        ]
    },
    "default": {
        "certifi": {
            "hashes": [
                "sha256:1d987a998c75633c40847cc966fcf5904906c920a7f17ef374f5aa4282abd304",
                "sha256:51fcb31174be6e6664c5f69e3e1691a2d72a1a12e90f872cbdb1567eb47b6519"
            ],
            "version": "==2020.4.5.1"
        },
        "chardet": {
            "hashes": [
                "sha256:84ab92ed1c4d4f16916e05906b6b75a6c0fb5db821cc65e70cbd64a3e2a5eaae",
                "sha256:fc323ffcaeaed0e0a02bf4d117757b98aed530d9ed4531e3e15460124c106691"
            ],
            "version": "==3.0.4"
        },
        "idna": {
            "hashes": [
                "sha256:7588d1c14ae4c77d74036e8c22ff447b26d0fde8f007354fd48a7814db15b7cb",
                "sha256:a068a21ceac8a4d63dbfd964670474107f541babbd2250d61922f029858365fa"
            ],
            "version": "==2.9"
        },
        "kubernetes-py": {
            "editable": true,
            "path": "."
        },
        "python-dateutil": {
            "hashes": [
                "sha256:73ebfe9dbf22e832286dafa60473e4cd239f8592f699aa5adaf10050e6e1823c",
                "sha256:75bb3f31ea686f1197762692a9ee6a7550b59fc6ca3a1f4b5d7e32fb98e2da2a"
            ],
            "version": "==2.8.1"
        },
        "pyyaml": {
            "hashes": [
                "sha256:19bb3ac350ef878dda84a62d37c7d5c17a137386dde9c2ce7249c7a21d7f6ac9",
                "sha256:c36c938a872e5ff494938b33b14aaa156cb439ec67548fcab3535bb78b0846e8"
            ],
            "version": "==3.11"
        },
        "requests": {
            "hashes": [
                "sha256:43999036bfa82904b6af1d99e4882b560e5e2c68e5c4b0aa03b655f3d7d73fee",
                "sha256:b3f43d496c6daba4493e7c431722aeb7dbc6288f52a6e04e7b6023b0247817e6"
            ],
            "version": "==2.23.0"
        },
        "six": {
            "hashes": [
                "sha256:236bdbdce46e6e6a3d61a337c0f8b763ca1e8717c03b369e87a7ec7ce1319c0a",
                "sha256:8f3cd2e254d8f793e7f3d6d9df77b92252b52637291d0f0da013c76ea2724b6c"
            ],
            "version": "==1.14.0"
        },
        "urllib3": {
            "hashes": [
                "sha256:3018294ebefce6572a474f0604c2021e33b3fd8006ecd11d62107a5d2a963527",
                "sha256:88206b0eb87e6d677d424843ac5209e3fb9d0190d0ee169599165ec25e9d9115"
            ],
            "version": "==1.25.9"
        },
        "uuid": {
            "hashes": [
                "sha256:1f87cc004ac5120466f36c5beae48b4c48cc411968eed0eaecd3da82aa96193f"
            ],
            "version": "==1.30"
        }
    },
    "develop": {
        "coverage": {
            "hashes": [
                "sha256:011906aa4ba1b0efdb85de7ec8df0ac02fa957e9f9e5a3ecf7fb77b0e72e9d1e",
                "sha256:0c0a3e9c10268eaa4cd7f7598fcce3c9cc6833ddb265c57c6328c4331a9ed42e",
                "sha256:212ee4232b4971521332c4966363605f03160baef9953d15e1ff7175eeb76bcc",
                "sha256:3a185466a933ce95e66a5ec4818d8e1a03b5998de044b775ac61b54d2d29e8bc",
                "sha256:41632b5e2c0ec510e4c0f1f0f02a702477d1f837693964390553539217c92b07",
                "sha256:6145e7ee8d79eec01f65f7013180a68b7b873f2e3c96479657d06e2f653e6daa",
                "sha256:616b8ea9726a67188cdcc3da55e6b8f3f4aec975aab5e64ca041bb84113e91ef",
                "sha256:72b74567feace862c7feeb949d3094247e49587e7d716bd798695fb40c26418c",
                "sha256:82923e0771d6343326596bebfe649b49b1de7e44aa8ffd6c07e10493a8bc819f",
                "sha256:8e669d8dbf79262b3cdf3ec8a75043b68bc0415cee3c7991809ae620718d2e73",
                "sha256:a4eb2ca4ecf2c1ec02492302c8755d182ae81f81e392f8a513be13f212af0b14",
                "sha256:a6a092bf2ab7d5dbce2a249e6aa23ea2e2181dc89f575cc9b17341a89e479312",
                "sha256:ba7c36aebc4345bbd6dcd60f8f17b49a55d44e8f56655a447d91cefda2655fda",
                "sha256:cd427fb51ed73cc66d2644449a68a550fbafaa57d2bfd5c5536d977a327a8d13",
                "sha256:e2e9fc1b820cc976024bcbad3431360935bb65333ba36e1e83657e27405d3ddf",
                "sha256:e9986db9f87ba4de17d9fba1facc7db8d8a7eadf4c14497d09528dc1e613ffde",
                "sha256:e99df5724c775f36f171783874c989b48ccfc00d50b86bbdbaae96c5bee44cf7",
                "sha256:faec03df1bd3d3ab2b85a226ed3942bfcd1682dbe4c91fcfa160e594861bf9b2",
                "sha256:fb693f1638c0e5e077fd885730fb72410c774859ec625a921468021623f91b50"
            ],
            "index": "pypi",
            "version": "==4.1"
        },
        "nose": {
            "hashes": [
                "sha256:9ff7c6cc443f8c51994b34a667bbcf45afd6d945be7477b52e97516fd17c53ac",
                "sha256:dadcddc0aefbf99eea214e0f1232b94f2fa9bd98fa8353711dacb112bfcbbb2a",
                "sha256:f1bffef9cbc82628f6e7d7b40d7e255aefaa1adb6a1b1d26c69a8b79e6208a98"
            ],
            "index": "pypi",
            "version": "==1.3.7"
        },
        "nose-cover3": {
            "hashes": [
                "sha256:81310a792285615418e749f6e7c60a4f2cfa6b2f13cf0d19bbf26b1f188444d1"
            ],
            "index": "pypi",
            "version": "==0.1.0"
        }
    }
}
